// !$*UTF8*$!
{
	archiveVersion = 1;
	classes = {
	};
	objectVersion = 55;
	objects = {

/* Begin PBXBuildFile section */
		4F21088CA8C9DDE3CC76FB1B /* Pods_Nanagong.framework in Frameworks */ = {isa = PBXBuildFile; fileRef = 633646A0AAD4FDF7FFE35765 /* Pods_Nanagong.framework */; };
		ABC2FC3B27147F16009B5829 /* GoogleSessionManager.swift in Sources */ = {isa = PBXBuildFile; fileRef = ABC2FC3A27147F16009B5829 /* GoogleSessionManager.swift */; };
		ED6BA8AC2713410000DA3535 /* SlothAppDependencyContainer.swift in Sources */ = {isa = PBXBuildFile; fileRef = ED6BA8AB2713410000DA3535 /* SlothAppDependencyContainer.swift */; };
		ED94034427187A91006D32A6 /* NetworkManager.swift in Sources */ = {isa = PBXBuildFile; fileRef = ED94034327187A91006D32A6 /* NetworkManager.swift */; };
		ED94034D27187C29006D32A6 /* SlothNetworkModule in Frameworks */ = {isa = PBXBuildFile; productRef = ED94034C27187C29006D32A6 /* SlothNetworkModule */; };
		ED94034F271886C6006D32A6 /* OnboardingViewModel.swift in Sources */ = {isa = PBXBuildFile; fileRef = ED94034E271886C6006D32A6 /* OnboardingViewModel.swift */; };
		ED94035327191536006D32A6 /* SignInRepository.swift in Sources */ = {isa = PBXBuildFile; fileRef = ED94035227191536006D32A6 /* SignInRepository.swift */; };
		ED94035527191E1B006D32A6 /* EndPoint.swift in Sources */ = {isa = PBXBuildFile; fileRef = ED94035427191E1B006D32A6 /* EndPoint.swift */; };
		ED94035727199298006D32A6 /* SocialSignInModel.swift in Sources */ = {isa = PBXBuildFile; fileRef = ED94035627199298006D32A6 /* SocialSignInModel.swift */; };
		ED9D10ED271346EE0034F96E /* KakaoSessionManager.swift in Sources */ = {isa = PBXBuildFile; fileRef = ED9D10EC271346EE0034F96E /* KakaoSessionManager.swift */; };
		EDDC4C78270B050C00AD707F /* AppDelegate.swift in Sources */ = {isa = PBXBuildFile; fileRef = EDDC4C77270B050C00AD707F /* AppDelegate.swift */; };
		EDDC4C7C270B050C00AD707F /* OnBoardingViewController.swift in Sources */ = {isa = PBXBuildFile; fileRef = EDDC4C7B270B050C00AD707F /* OnBoardingViewController.swift */; };
		EDDC4C81270B050D00AD707F /* Assets.xcassets in Resources */ = {isa = PBXBuildFile; fileRef = EDDC4C80270B050D00AD707F /* Assets.xcassets */; };
		EDDC4C84270B050D00AD707F /* LaunchScreen.storyboard in Resources */ = {isa = PBXBuildFile; fileRef = EDDC4C82270B050D00AD707F /* LaunchScreen.storyboard */; };
		EDFF069F271481BE009A0B32 /* AppleSessionManager.swift in Sources */ = {isa = PBXBuildFile; fileRef = EDFF069E271481BE009A0B32 /* AppleSessionManager.swift */; };
/* End PBXBuildFile section */

/* Begin PBXFileReference section */
		633646A0AAD4FDF7FFE35765 /* Pods_Nanagong.framework */ = {isa = PBXFileReference; explicitFileType = wrapper.framework; includeInIndex = 0; path = Pods_Nanagong.framework; sourceTree = BUILT_PRODUCTS_DIR; };
		ABC2FC3A27147F16009B5829 /* GoogleSessionManager.swift */ = {isa = PBXFileReference; lastKnownFileType = sourcecode.swift; path = GoogleSessionManager.swift; sourceTree = "<group>"; };
		ECB1F46D29CBE148BBD96C47 /* Pods-Nanagong.release.xcconfig */ = {isa = PBXFileReference; includeInIndex = 1; lastKnownFileType = text.xcconfig; name = "Pods-Nanagong.release.xcconfig"; path = "Target Support Files/Pods-Nanagong/Pods-Nanagong.release.xcconfig"; sourceTree = "<group>"; };
		ED6BA8AB2713410000DA3535 /* SlothAppDependencyContainer.swift */ = {isa = PBXFileReference; lastKnownFileType = sourcecode.swift; path = SlothAppDependencyContainer.swift; sourceTree = "<group>"; };
		ED94034327187A91006D32A6 /* NetworkManager.swift */ = {isa = PBXFileReference; lastKnownFileType = sourcecode.swift; path = NetworkManager.swift; sourceTree = "<group>"; };
		ED94034E271886C6006D32A6 /* OnboardingViewModel.swift */ = {isa = PBXFileReference; lastKnownFileType = sourcecode.swift; path = OnboardingViewModel.swift; sourceTree = "<group>"; };
		ED94035227191536006D32A6 /* SignInRepository.swift */ = {isa = PBXFileReference; lastKnownFileType = sourcecode.swift; path = SignInRepository.swift; sourceTree = "<group>"; };
		ED94035427191E1B006D32A6 /* EndPoint.swift */ = {isa = PBXFileReference; lastKnownFileType = sourcecode.swift; path = EndPoint.swift; sourceTree = "<group>"; };
		ED94035627199298006D32A6 /* SocialSignInModel.swift */ = {isa = PBXFileReference; lastKnownFileType = sourcecode.swift; path = SocialSignInModel.swift; sourceTree = "<group>"; };
		ED9D10EC271346EE0034F96E /* KakaoSessionManager.swift */ = {isa = PBXFileReference; lastKnownFileType = sourcecode.swift; path = KakaoSessionManager.swift; sourceTree = "<group>"; };
		ED9D10EE271349550034F96E /* Config.xcconfig */ = {isa = PBXFileReference; lastKnownFileType = text.xcconfig; path = Config.xcconfig; sourceTree = "<group>"; };
		EDDC4C74270B050C00AD707F /* Nanagong.app */ = {isa = PBXFileReference; explicitFileType = wrapper.application; includeInIndex = 0; path = Nanagong.app; sourceTree = BUILT_PRODUCTS_DIR; };
		EDDC4C77270B050C00AD707F /* AppDelegate.swift */ = {isa = PBXFileReference; lastKnownFileType = sourcecode.swift; path = AppDelegate.swift; sourceTree = "<group>"; };
		EDDC4C7B270B050C00AD707F /* OnBoardingViewController.swift */ = {isa = PBXFileReference; lastKnownFileType = sourcecode.swift; path = OnBoardingViewController.swift; sourceTree = "<group>"; };
		EDDC4C80270B050D00AD707F /* Assets.xcassets */ = {isa = PBXFileReference; lastKnownFileType = folder.assetcatalog; path = Assets.xcassets; sourceTree = "<group>"; };
		EDDC4C83270B050D00AD707F /* Base */ = {isa = PBXFileReference; lastKnownFileType = file.storyboard; name = Base; path = Base.lproj/LaunchScreen.storyboard; sourceTree = "<group>"; };
		EDDC4C85270B050D00AD707F /* Info.plist */ = {isa = PBXFileReference; lastKnownFileType = text.plist.xml; path = Info.plist; sourceTree = "<group>"; };
		EDFF069D2714810E009A0B32 /* Nanagong.entitlements */ = {isa = PBXFileReference; lastKnownFileType = text.plist.entitlements; path = Nanagong.entitlements; sourceTree = "<group>"; };
		EDFF069E271481BE009A0B32 /* AppleSessionManager.swift */ = {isa = PBXFileReference; lastKnownFileType = sourcecode.swift; path = AppleSessionManager.swift; sourceTree = "<group>"; };
		FBC6757DBF37623D44ECF23B /* Pods-Nanagong.debug.xcconfig */ = {isa = PBXFileReference; includeInIndex = 1; lastKnownFileType = text.xcconfig; name = "Pods-Nanagong.debug.xcconfig"; path = "Target Support Files/Pods-Nanagong/Pods-Nanagong.debug.xcconfig"; sourceTree = "<group>"; };
/* End PBXFileReference section */

/* Begin PBXFrameworksBuildPhase section */
		EDDC4C71270B050C00AD707F /* Frameworks */ = {
			isa = PBXFrameworksBuildPhase;
			buildActionMask = 2147483647;
			files = (
				ED94034D27187C29006D32A6 /* SlothNetworkModule in Frameworks */,
				4F21088CA8C9DDE3CC76FB1B /* Pods_Nanagong.framework in Frameworks */,
			);
			runOnlyForDeploymentPostprocessing = 0;
		};
/* End PBXFrameworksBuildPhase section */

/* Begin PBXGroup section */
		26671FEB77AAD71BD3707440 /* Frameworks */ = {
			isa = PBXGroup;
			children = (
				633646A0AAD4FDF7FFE35765 /* Pods_Nanagong.framework */,
			);
			name = Frameworks;
			sourceTree = "<group>";
		};
		987BAFFAAAB443DE3DE7BC34 /* Pods */ = {
			isa = PBXGroup;
			children = (
				FBC6757DBF37623D44ECF23B /* Pods-Nanagong.debug.xcconfig */,
				ECB1F46D29CBE148BBD96C47 /* Pods-Nanagong.release.xcconfig */,
			);
			path = Pods;
			sourceTree = "<group>";
		};
		ED94035F2719CDC4006D32A6 /* Resources */ = {
			isa = PBXGroup;
			children = (
				EDFF069D2714810E009A0B32 /* Nanagong.entitlements */,
				EDDC4C80270B050D00AD707F /* Assets.xcassets */,
				EDDC4C82270B050D00AD707F /* LaunchScreen.storyboard */,
				EDDC4C85270B050D00AD707F /* Info.plist */,
			);
			path = Resources;
			sourceTree = "<group>";
		};
		ED9403602719CDD0006D32A6 /* Common */ = {
			isa = PBXGroup;
			children = (
				EDDC4C77270B050C00AD707F /* AppDelegate.swift */,
				ED6BA8AB2713410000DA3535 /* SlothAppDependencyContainer.swift */,
				ED9D10EB271346D20034F96E /* CreateUserSessionManager */,
				ED9403612719CDF0006D32A6 /* Model */,
			);
			path = Common;
			sourceTree = "<group>";
		};
		ED9403612719CDF0006D32A6 /* Model */ = {
			isa = PBXGroup;
			children = (
				ED94035627199298006D32A6 /* SocialSignInModel.swift */,
				ED9403622719CDFC006D32A6 /* Network */,
			);
			path = Model;
			sourceTree = "<group>";
		};
		ED9403622719CDFC006D32A6 /* Network */ = {
			isa = PBXGroup;
			children = (
				ED94035427191E1B006D32A6 /* EndPoint.swift */,
				ED94034327187A91006D32A6 /* NetworkManager.swift */,
			);
			path = Network;
			sourceTree = "<group>";
		};
		ED9403632719CE24006D32A6 /* OnboardingView */ = {
			isa = PBXGroup;
			children = (
				EDDC4C7B270B050C00AD707F /* OnBoardingViewController.swift */,
				ED9403642719CE37006D32A6 /* ViewModel */,
			);
			path = OnboardingView;
			sourceTree = "<group>";
		};
		ED9403642719CE37006D32A6 /* ViewModel */ = {
			isa = PBXGroup;
			children = (
				ED94035227191536006D32A6 /* SignInRepository.swift */,
				ED94034E271886C6006D32A6 /* OnboardingViewModel.swift */,
			);
			path = ViewModel;
			sourceTree = "<group>";
		};
		ED9D10EB271346D20034F96E /* CreateUserSessionManager */ = {
			isa = PBXGroup;
			children = (
				ED9D10EC271346EE0034F96E /* KakaoSessionManager.swift */,
				ABC2FC3A27147F16009B5829 /* GoogleSessionManager.swift */,
				EDFF069E271481BE009A0B32 /* AppleSessionManager.swift */,
			);
			path = CreateUserSessionManager;
			sourceTree = "<group>";
		};
		EDDC4C6B270B050C00AD707F = {
			isa = PBXGroup;
			children = (
				ED9D10EE271349550034F96E /* Config.xcconfig */,
				EDDC4C76270B050C00AD707F /* Nanagong */,
				EDDC4C75270B050C00AD707F /* Products */,
				987BAFFAAAB443DE3DE7BC34 /* Pods */,
				26671FEB77AAD71BD3707440 /* Frameworks */,
			);
			sourceTree = "<group>";
		};
		EDDC4C75270B050C00AD707F /* Products */ = {
			isa = PBXGroup;
			children = (
				EDDC4C74270B050C00AD707F /* Nanagong.app */,
			);
			name = Products;
			sourceTree = "<group>";
		};
		EDDC4C76270B050C00AD707F /* Nanagong */ = {
			isa = PBXGroup;
			children = (
				ED9403602719CDD0006D32A6 /* Common */,
				ED94035F2719CDC4006D32A6 /* Resources */,
				ED9403632719CE24006D32A6 /* OnboardingView */,
			);
			path = Nanagong;
			sourceTree = "<group>";
		};
/* End PBXGroup section */

/* Begin PBXNativeTarget section */
		EDDC4C73270B050C00AD707F /* Nanagong */ = {
			isa = PBXNativeTarget;
			buildConfigurationList = EDDC4C88270B050D00AD707F /* Build configuration list for PBXNativeTarget "Nanagong" */;
			buildPhases = (
				703CE111F87F5E4A9B96B4F5 /* [CP] Check Pods Manifest.lock */,
				EDDC4C70270B050C00AD707F /* Sources */,
				EDDC4C71270B050C00AD707F /* Frameworks */,
				EDDC4C72270B050C00AD707F /* Resources */,
				0609BD74E3F87976087DDA0D /* [CP] Embed Pods Frameworks */,
			);
			buildRules = (
			);
			dependencies = (
			);
			name = Nanagong;
			packageProductDependencies = (
				ED94034C27187C29006D32A6 /* SlothNetworkModule */,
			);
			productName = Nanagong;
			productReference = EDDC4C74270B050C00AD707F /* Nanagong.app */;
			productType = "com.apple.product-type.application";
		};
/* End PBXNativeTarget section */

/* Begin PBXProject section */
		EDDC4C6C270B050C00AD707F /* Project object */ = {
			isa = PBXProject;
			attributes = {
				BuildIndependentTargetsInParallel = 1;
				LastSwiftUpdateCheck = 1300;
				LastUpgradeCheck = 1300;
				TargetAttributes = {
					EDDC4C73270B050C00AD707F = {
						CreatedOnToolsVersion = 13.0;
					};
				};
			};
			buildConfigurationList = EDDC4C6F270B050C00AD707F /* Build configuration list for PBXProject "Nanagong" */;
			compatibilityVersion = "Xcode 13.0";
			developmentRegion = en;
			hasScannedForEncodings = 0;
			knownRegions = (
				en,
				Base,
			);
			mainGroup = EDDC4C6B270B050C00AD707F;
			packageReferences = (
				ED94034B27187C29006D32A6 /* XCRemoteSwiftPackageReference "sloth-iOS-NetworkModule" */,
			);
			productRefGroup = EDDC4C75270B050C00AD707F /* Products */;
			projectDirPath = "";
			projectRoot = "";
			targets = (
				EDDC4C73270B050C00AD707F /* Nanagong */,
			);
		};
/* End PBXProject section */

/* Begin PBXResourcesBuildPhase section */
		EDDC4C72270B050C00AD707F /* Resources */ = {
			isa = PBXResourcesBuildPhase;
			buildActionMask = 2147483647;
			files = (
				EDDC4C84270B050D00AD707F /* LaunchScreen.storyboard in Resources */,
				EDDC4C81270B050D00AD707F /* Assets.xcassets in Resources */,
			);
			runOnlyForDeploymentPostprocessing = 0;
		};
/* End PBXResourcesBuildPhase section */

/* Begin PBXShellScriptBuildPhase section */
		0609BD74E3F87976087DDA0D /* [CP] Embed Pods Frameworks */ = {
			isa = PBXShellScriptBuildPhase;
			buildActionMask = 2147483647;
			files = (
			);
			inputFileListPaths = (
				"${PODS_ROOT}/Target Support Files/Pods-Nanagong/Pods-Nanagong-frameworks-${CONFIGURATION}-input-files.xcfilelist",
			);
			name = "[CP] Embed Pods Frameworks";
			outputFileListPaths = (
				"${PODS_ROOT}/Target Support Files/Pods-Nanagong/Pods-Nanagong-frameworks-${CONFIGURATION}-output-files.xcfilelist",
			);
			runOnlyForDeploymentPostprocessing = 0;
			shellPath = /bin/sh;
			shellScript = "\"${PODS_ROOT}/Target Support Files/Pods-Nanagong/Pods-Nanagong-frameworks.sh\"\n";
			showEnvVarsInLog = 0;
		};
		703CE111F87F5E4A9B96B4F5 /* [CP] Check Pods Manifest.lock */ = {
			isa = PBXShellScriptBuildPhase;
			buildActionMask = 2147483647;
			files = (
			);
			inputFileListPaths = (
			);
			inputPaths = (
				"${PODS_PODFILE_DIR_PATH}/Podfile.lock",
				"${PODS_ROOT}/Manifest.lock",
			);
			name = "[CP] Check Pods Manifest.lock";
			outputFileListPaths = (
			);
			outputPaths = (
				"$(DERIVED_FILE_DIR)/Pods-Nanagong-checkManifestLockResult.txt",
			);
			runOnlyForDeploymentPostprocessing = 0;
			shellPath = /bin/sh;
			shellScript = "diff \"${PODS_PODFILE_DIR_PATH}/Podfile.lock\" \"${PODS_ROOT}/Manifest.lock\" > /dev/null\nif [ $? != 0 ] ; then\n    # print error to STDERR\n    echo \"error: The sandbox is not in sync with the Podfile.lock. Run 'pod install' or update your CocoaPods installation.\" >&2\n    exit 1\nfi\n# This output is used by Xcode 'outputs' to avoid re-running this script phase.\necho \"SUCCESS\" > \"${SCRIPT_OUTPUT_FILE_0}\"\n";
			showEnvVarsInLog = 0;
		};
/* End PBXShellScriptBuildPhase section */

/* Begin PBXSourcesBuildPhase section */
		EDDC4C70270B050C00AD707F /* Sources */ = {
			isa = PBXSourcesBuildPhase;
			buildActionMask = 2147483647;
			files = (
				ED94034427187A91006D32A6 /* NetworkManager.swift in Sources */,
				EDFF069F271481BE009A0B32 /* AppleSessionManager.swift in Sources */,
				ED94035527191E1B006D32A6 /* EndPoint.swift in Sources */,
				ED94035327191536006D32A6 /* SignInRepository.swift in Sources */,
				EDDC4C7C270B050C00AD707F /* OnBoardingViewController.swift in Sources */,
				EDDC4C78270B050C00AD707F /* AppDelegate.swift in Sources */,
				ED9D10ED271346EE0034F96E /* KakaoSessionManager.swift in Sources */,
				ED94034F271886C6006D32A6 /* OnboardingViewModel.swift in Sources */,
				ED94035727199298006D32A6 /* SocialSignInModel.swift in Sources */,
				ED6BA8AC2713410000DA3535 /* SlothAppDependencyContainer.swift in Sources */,
				ABC2FC3B27147F16009B5829 /* GoogleSessionManager.swift in Sources */,
			);
			runOnlyForDeploymentPostprocessing = 0;
		};
/* End PBXSourcesBuildPhase section */

/* Begin PBXVariantGroup section */
		EDDC4C82270B050D00AD707F /* LaunchScreen.storyboard */ = {
			isa = PBXVariantGroup;
			children = (
				EDDC4C83270B050D00AD707F /* Base */,
			);
			name = LaunchScreen.storyboard;
			sourceTree = "<group>";
		};
/* End PBXVariantGroup section */

/* Begin XCBuildConfiguration section */
		EDDC4C86270B050D00AD707F /* Debug */ = {
			isa = XCBuildConfiguration;
			baseConfigurationReference = ED9D10EE271349550034F96E /* Config.xcconfig */;
			buildSettings = {
				ALWAYS_SEARCH_USER_PATHS = NO;
				CLANG_ANALYZER_NONNULL = YES;
				CLANG_ANALYZER_NUMBER_OBJECT_CONVERSION = YES_AGGRESSIVE;
				CLANG_CXX_LANGUAGE_STANDARD = "gnu++17";
				CLANG_CXX_LIBRARY = "libc++";
				CLANG_ENABLE_MODULES = YES;
				CLANG_ENABLE_OBJC_ARC = YES;
				CLANG_ENABLE_OBJC_WEAK = YES;
				CLANG_WARN_BLOCK_CAPTURE_AUTORELEASING = YES;
				CLANG_WARN_BOOL_CONVERSION = YES;
				CLANG_WARN_COMMA = YES;
				CLANG_WARN_CONSTANT_CONVERSION = YES;
				CLANG_WARN_DEPRECATED_OBJC_IMPLEMENTATIONS = YES;
				CLANG_WARN_DIRECT_OBJC_ISA_USAGE = YES_ERROR;
				CLANG_WARN_DOCUMENTATION_COMMENTS = YES;
				CLANG_WARN_EMPTY_BODY = YES;
				CLANG_WARN_ENUM_CONVERSION = YES;
				CLANG_WARN_INFINITE_RECURSION = YES;
				CLANG_WARN_INT_CONVERSION = YES;
				CLANG_WARN_NON_LITERAL_NULL_CONVERSION = YES;
				CLANG_WARN_OBJC_IMPLICIT_RETAIN_SELF = YES;
				CLANG_WARN_OBJC_LITERAL_CONVERSION = YES;
				CLANG_WARN_OBJC_ROOT_CLASS = YES_ERROR;
				CLANG_WARN_QUOTED_INCLUDE_IN_FRAMEWORK_HEADER = YES;
				CLANG_WARN_RANGE_LOOP_ANALYSIS = YES;
				CLANG_WARN_STRICT_PROTOTYPES = YES;
				CLANG_WARN_SUSPICIOUS_MOVE = YES;
				CLANG_WARN_UNGUARDED_AVAILABILITY = YES_AGGRESSIVE;
				CLANG_WARN_UNREACHABLE_CODE = YES;
				CLANG_WARN__DUPLICATE_METHOD_MATCH = YES;
				COPY_PHASE_STRIP = NO;
				DEBUG_INFORMATION_FORMAT = dwarf;
				ENABLE_STRICT_OBJC_MSGSEND = YES;
				ENABLE_TESTABILITY = YES;
				GCC_C_LANGUAGE_STANDARD = gnu11;
				GCC_DYNAMIC_NO_PIC = NO;
				GCC_NO_COMMON_BLOCKS = YES;
				GCC_OPTIMIZATION_LEVEL = 0;
				GCC_PREPROCESSOR_DEFINITIONS = (
					"DEBUG=1",
					"$(inherited)",
				);
				GCC_WARN_64_TO_32_BIT_CONVERSION = YES;
				GCC_WARN_ABOUT_RETURN_TYPE = YES_ERROR;
				GCC_WARN_UNDECLARED_SELECTOR = YES;
				GCC_WARN_UNINITIALIZED_AUTOS = YES_AGGRESSIVE;
				GCC_WARN_UNUSED_FUNCTION = YES;
				GCC_WARN_UNUSED_VARIABLE = YES;
				IPHONEOS_DEPLOYMENT_TARGET = 15.0;
				MTL_ENABLE_DEBUG_INFO = INCLUDE_SOURCE;
				MTL_FAST_MATH = YES;
				ONLY_ACTIVE_ARCH = YES;
				SDKROOT = iphoneos;
				SWIFT_ACTIVE_COMPILATION_CONDITIONS = DEBUG;
				SWIFT_OPTIMIZATION_LEVEL = "-Onone";
			};
			name = Debug;
		};
		EDDC4C87270B050D00AD707F /* Release */ = {
			isa = XCBuildConfiguration;
			baseConfigurationReference = ED9D10EE271349550034F96E /* Config.xcconfig */;
			buildSettings = {
				ALWAYS_SEARCH_USER_PATHS = NO;
				CLANG_ANALYZER_NONNULL = YES;
				CLANG_ANALYZER_NUMBER_OBJECT_CONVERSION = YES_AGGRESSIVE;
				CLANG_CXX_LANGUAGE_STANDARD = "gnu++17";
				CLANG_CXX_LIBRARY = "libc++";
				CLANG_ENABLE_MODULES = YES;
				CLANG_ENABLE_OBJC_ARC = YES;
				CLANG_ENABLE_OBJC_WEAK = YES;
				CLANG_WARN_BLOCK_CAPTURE_AUTORELEASING = YES;
				CLANG_WARN_BOOL_CONVERSION = YES;
				CLANG_WARN_COMMA = YES;
				CLANG_WARN_CONSTANT_CONVERSION = YES;
				CLANG_WARN_DEPRECATED_OBJC_IMPLEMENTATIONS = YES;
				CLANG_WARN_DIRECT_OBJC_ISA_USAGE = YES_ERROR;
				CLANG_WARN_DOCUMENTATION_COMMENTS = YES;
				CLANG_WARN_EMPTY_BODY = YES;
				CLANG_WARN_ENUM_CONVERSION = YES;
				CLANG_WARN_INFINITE_RECURSION = YES;
				CLANG_WARN_INT_CONVERSION = YES;
				CLANG_WARN_NON_LITERAL_NULL_CONVERSION = YES;
				CLANG_WARN_OBJC_IMPLICIT_RETAIN_SELF = YES;
				CLANG_WARN_OBJC_LITERAL_CONVERSION = YES;
				CLANG_WARN_OBJC_ROOT_CLASS = YES_ERROR;
				CLANG_WARN_QUOTED_INCLUDE_IN_FRAMEWORK_HEADER = YES;
				CLANG_WARN_RANGE_LOOP_ANALYSIS = YES;
				CLANG_WARN_STRICT_PROTOTYPES = YES;
				CLANG_WARN_SUSPICIOUS_MOVE = YES;
				CLANG_WARN_UNGUARDED_AVAILABILITY = YES_AGGRESSIVE;
				CLANG_WARN_UNREACHABLE_CODE = YES;
				CLANG_WARN__DUPLICATE_METHOD_MATCH = YES;
				COPY_PHASE_STRIP = NO;
				DEBUG_INFORMATION_FORMAT = "dwarf-with-dsym";
				ENABLE_NS_ASSERTIONS = NO;
				ENABLE_STRICT_OBJC_MSGSEND = YES;
				GCC_C_LANGUAGE_STANDARD = gnu11;
				GCC_NO_COMMON_BLOCKS = YES;
				GCC_WARN_64_TO_32_BIT_CONVERSION = YES;
				GCC_WARN_ABOUT_RETURN_TYPE = YES_ERROR;
				GCC_WARN_UNDECLARED_SELECTOR = YES;
				GCC_WARN_UNINITIALIZED_AUTOS = YES_AGGRESSIVE;
				GCC_WARN_UNUSED_FUNCTION = YES;
				GCC_WARN_UNUSED_VARIABLE = YES;
				IPHONEOS_DEPLOYMENT_TARGET = 15.0;
				MTL_ENABLE_DEBUG_INFO = NO;
				MTL_FAST_MATH = YES;
				SDKROOT = iphoneos;
				SWIFT_COMPILATION_MODE = wholemodule;
				SWIFT_OPTIMIZATION_LEVEL = "-O";
				VALIDATE_PRODUCT = YES;
			};
			name = Release;
		};
		EDDC4C89270B050D00AD707F /* Debug */ = {
			isa = XCBuildConfiguration;
			baseConfigurationReference = FBC6757DBF37623D44ECF23B /* Pods-Nanagong.debug.xcconfig */;
			buildSettings = {
				ASSETCATALOG_COMPILER_APPICON_NAME = AppIcon;
				ASSETCATALOG_COMPILER_GLOBAL_ACCENT_COLOR_NAME = AccentColor;
				CODE_SIGN_ENTITLEMENTS = Nanagong/Nanagong.entitlements;
				CODE_SIGN_STYLE = Automatic;
				CURRENT_PROJECT_VERSION = 1;
				DEVELOPMENT_TEAM = 735P3R8MUU;
				GENERATE_INFOPLIST_FILE = YES;
				INFOPLIST_FILE = Nanagong/Resources/Info.plist;
				INFOPLIST_KEY_UIApplicationSupportsIndirectInputEvents = YES;
				INFOPLIST_KEY_UILaunchStoryboardName = LaunchScreen;
				INFOPLIST_KEY_UISupportedInterfaceOrientations = UIInterfaceOrientationPortrait;
				INFOPLIST_KEY_UISupportedInterfaceOrientations_iPad = "UIInterfaceOrientationPortrait UIInterfaceOrientationPortraitUpsideDown UIInterfaceOrientationLandscapeLeft UIInterfaceOrientationLandscapeRight";
				INFOPLIST_KEY_UISupportedInterfaceOrientations_iPhone = "UIInterfaceOrientationPortrait UIInterfaceOrientationLandscapeLeft UIInterfaceOrientationLandscapeRight";
				LD_RUNPATH_SEARCH_PATHS = (
					"$(inherited)",
					"@executable_path/Frameworks",
				);
				MARKETING_VERSION = 1.0;
				PRODUCT_BUNDLE_IDENTIFIER = com.sloth.Nanagong;
				PRODUCT_NAME = "$(TARGET_NAME)";
				SWIFT_EMIT_LOC_STRINGS = YES;
				SWIFT_VERSION = 5.0;
				TARGETED_DEVICE_FAMILY = 1;
			};
			name = Debug;
		};
		EDDC4C8A270B050D00AD707F /* Release */ = {
			isa = XCBuildConfiguration;
			baseConfigurationReference = ECB1F46D29CBE148BBD96C47 /* Pods-Nanagong.release.xcconfig */;
			buildSettings = {
				ASSETCATALOG_COMPILER_APPICON_NAME = AppIcon;
				ASSETCATALOG_COMPILER_GLOBAL_ACCENT_COLOR_NAME = AccentColor;
				CODE_SIGN_ENTITLEMENTS = Nanagong/Nanagong.entitlements;
				CODE_SIGN_STYLE = Automatic;
				CURRENT_PROJECT_VERSION = 1;
				DEVELOPMENT_TEAM = 735P3R8MUU;
				GENERATE_INFOPLIST_FILE = YES;
				INFOPLIST_FILE = Nanagong/Resources/Info.plist;
				INFOPLIST_KEY_UIApplicationSupportsIndirectInputEvents = YES;
				INFOPLIST_KEY_UILaunchStoryboardName = LaunchScreen;
				INFOPLIST_KEY_UISupportedInterfaceOrientations = UIInterfaceOrientationPortrait;
				INFOPLIST_KEY_UISupportedInterfaceOrientations_iPad = "UIInterfaceOrientationPortrait UIInterfaceOrientationPortraitUpsideDown UIInterfaceOrientationLandscapeLeft UIInterfaceOrientationLandscapeRight";
				INFOPLIST_KEY_UISupportedInterfaceOrientations_iPhone = "UIInterfaceOrientationPortrait UIInterfaceOrientationLandscapeLeft UIInterfaceOrientationLandscapeRight";
				LD_RUNPATH_SEARCH_PATHS = (
					"$(inherited)",
					"@executable_path/Frameworks",
				);
				MARKETING_VERSION = 1.0;
				PRODUCT_BUNDLE_IDENTIFIER = com.sloth.Nanagong;
				PRODUCT_NAME = "$(TARGET_NAME)";
				SWIFT_EMIT_LOC_STRINGS = YES;
				SWIFT_VERSION = 5.0;
				TARGETED_DEVICE_FAMILY = 1;
			};
			name = Release;
		};
/* End XCBuildConfiguration section */

/* Begin XCConfigurationList section */
		EDDC4C6F270B050C00AD707F /* Build configuration list for PBXProject "Nanagong" */ = {
			isa = XCConfigurationList;
			buildConfigurations = (
				EDDC4C86270B050D00AD707F /* Debug */,
				EDDC4C87270B050D00AD707F /* Release */,
			);
			defaultConfigurationIsVisible = 0;
			defaultConfigurationName = Release;
		};
		EDDC4C88270B050D00AD707F /* Build configuration list for PBXNativeTarget "Nanagong" */ = {
			isa = XCConfigurationList;
			buildConfigurations = (
				EDDC4C89270B050D00AD707F /* Debug */,
				EDDC4C8A270B050D00AD707F /* Release */,
			);
			defaultConfigurationIsVisible = 0;
			defaultConfigurationName = Release;
		};
/* End XCConfigurationList section */

/* Begin XCRemoteSwiftPackageReference section */
		ED94034B27187C29006D32A6 /* XCRemoteSwiftPackageReference "sloth-iOS-NetworkModule" */ = {
			isa = XCRemoteSwiftPackageReference;
			repositoryURL = "git@github.com:depromeet/sloth-iOS-NetworkModule.git";
			requirement = {
				branch = main;
				kind = branch;
			};
		};
/* End XCRemoteSwiftPackageReference section */

/* Begin XCSwiftPackageProductDependency section */
		ED94034C27187C29006D32A6 /* SlothNetworkModule */ = {
			isa = XCSwiftPackageProductDependency;
			package = ED94034B27187C29006D32A6 /* XCRemoteSwiftPackageReference "sloth-iOS-NetworkModule" */;
			productName = SlothNetworkModule;
		};
/* End XCSwiftPackageProductDependency section */
	};
	rootObject = EDDC4C6C270B050C00AD707F /* Project object */;
}
