// !$*UTF8*$!
{
	archiveVersion = 1;
	classes = {
	};
	objectVersion = 55;
	objects = {

/* Begin PBXBuildFile section */
		4F21088CA8C9DDE3CC76FB1B /* Pods_Nanagong.framework in Frameworks */ = {isa = PBXBuildFile; fileRef = 633646A0AAD4FDF7FFE35765 /* Pods_Nanagong.framework */; };
		AB538AD4272A8E6F007776E2 /* OnBoardingViewController.swift in Sources */ = {isa = PBXBuildFile; fileRef = AB538AD3272A8E6F007776E2 /* OnBoardingViewController.swift */; };
		AB538ADC272C1D8B007776E2 /* SwiftKeychainWrapper in Frameworks */ = {isa = PBXBuildFile; productRef = AB538ADB272C1D8B007776E2 /* SwiftKeychainWrapper */; };
		AB538ADE272C3CF9007776E2 /* KeyChaingWrapper+Extension.swift in Sources */ = {isa = PBXBuildFile; fileRef = AB538ADD272C3CF9007776E2 /* KeyChaingWrapper+Extension.swift */; };
		AB538AE3272C490D007776E2 /* KeyChainManager.swift in Sources */ = {isa = PBXBuildFile; fileRef = AB538AE2272C490D007776E2 /* KeyChainManager.swift */; };
		AB538AE5272C4E6B007776E2 /* OnBoardingViewModel.swift in Sources */ = {isa = PBXBuildFile; fileRef = AB538AE4272C4E6B007776E2 /* OnBoardingViewModel.swift */; };
		AB538AE7272C5849007776E2 /* PrivacyPolicyViewController.swift in Sources */ = {isa = PBXBuildFile; fileRef = AB538AE6272C5849007776E2 /* PrivacyPolicyViewController.swift */; };
		AB538AE9272C82EE007776E2 /* OnBoardingDependencyContainer.swift in Sources */ = {isa = PBXBuildFile; fileRef = AB538AE8272C82EE007776E2 /* OnBoardingDependencyContainer.swift */; };
		ABC2FC3B27147F16009B5829 /* GoogleSessionManager.swift in Sources */ = {isa = PBXBuildFile; fileRef = ABC2FC3A27147F16009B5829 /* GoogleSessionManager.swift */; };
		ED1ECBF827282883003FF62D /* IdNamePairType.swift in Sources */ = {isa = PBXBuildFile; fileRef = ED1ECBF727282883003FF62D /* IdNamePairType.swift */; };
		ED1ECBFA2728291D003FF62D /* LessonSite.swift in Sources */ = {isa = PBXBuildFile; fileRef = ED1ECBF92728291D003FF62D /* LessonSite.swift */; };
		ED2DC9032720415E003426D6 /* RegisterLessonViewController.swift in Sources */ = {isa = PBXBuildFile; fileRef = ED2DC9022720415E003426D6 /* RegisterLessonViewController.swift */; };
		ED2DC90527204693003426D6 /* RegisterLessonViewLayoutContainer.swift in Sources */ = {isa = PBXBuildFile; fileRef = ED2DC90427204693003426D6 /* RegisterLessonViewLayoutContainer.swift */; };
		ED2DC90727206377003426D6 /* SlothTextFieldInputFormView.swift in Sources */ = {isa = PBXBuildFile; fileRef = ED2DC90627206377003426D6 /* SlothTextFieldInputFormView.swift */; };
		ED2DC90A27207CC7003426D6 /* RegisterLessionInformationViewModel.swift in Sources */ = {isa = PBXBuildFile; fileRef = ED2DC90927207CC7003426D6 /* RegisterLessionInformationViewModel.swift */; };
		ED47DD49272716B9002AC5FB /* LessonCategory.swift in Sources */ = {isa = PBXBuildFile; fileRef = ED47DD48272716B9002AC5FB /* LessonCategory.swift */; };
		ED47DD4B272716FF002AC5FB /* SlothSelectBoxInputFormViewModel.swift in Sources */ = {isa = PBXBuildFile; fileRef = ED47DD4A272716FF002AC5FB /* SlothSelectBoxInputFormViewModel.swift */; };
		ED47DD4D27271781002AC5FB /* SlothSelectBoxInputFormView.swift in Sources */ = {isa = PBXBuildFile; fileRef = ED47DD4C27271781002AC5FB /* SlothSelectBoxInputFormView.swift */; };
		ED6BA8AC2713410000DA3535 /* SlothAppDependencyContainer.swift in Sources */ = {isa = PBXBuildFile; fileRef = ED6BA8AB2713410000DA3535 /* SlothAppDependencyContainer.swift */; };
		ED6BE9802724657B0011693B /* RegisterLessonInformationViewControllerFacotry.swift in Sources */ = {isa = PBXBuildFile; fileRef = ED6BE97F2724657B0011693B /* RegisterLessonInformationViewControllerFacotry.swift */; };
		ED6BE982272467C40011693B /* SlothTextFieldInputFormViewModel.swift in Sources */ = {isa = PBXBuildFile; fileRef = ED6BE981272467C40011693B /* SlothTextFieldInputFormViewModel.swift */; };
		ED94034427187A91006D32A6 /* NetworkManager.swift in Sources */ = {isa = PBXBuildFile; fileRef = ED94034327187A91006D32A6 /* NetworkManager.swift */; };
		ED94034D27187C29006D32A6 /* SlothNetworkModule in Frameworks */ = {isa = PBXBuildFile; productRef = ED94034C27187C29006D32A6 /* SlothNetworkModule */; };
		ED94034F271886C6006D32A6 /* SignInViewModel.swift in Sources */ = {isa = PBXBuildFile; fileRef = ED94034E271886C6006D32A6 /* SignInViewModel.swift */; };
		ED94035327191536006D32A6 /* SignInRepository.swift in Sources */ = {isa = PBXBuildFile; fileRef = ED94035227191536006D32A6 /* SignInRepository.swift */; };
		ED94035527191E1B006D32A6 /* EndPoint.swift in Sources */ = {isa = PBXBuildFile; fileRef = ED94035427191E1B006D32A6 /* EndPoint.swift */; };
		ED94035727199298006D32A6 /* SocialSignInModel.swift in Sources */ = {isa = PBXBuildFile; fileRef = ED94035627199298006D32A6 /* SocialSignInModel.swift */; };
		ED9D10ED271346EE0034F96E /* KakaoSessionManager.swift in Sources */ = {isa = PBXBuildFile; fileRef = ED9D10EC271346EE0034F96E /* KakaoSessionManager.swift */; };
		EDAC0D8B272E8B6100611039 /* SlothDesignSystemModule in Frameworks */ = {isa = PBXBuildFile; productRef = EDAC0D8A272E8B6100611039 /* SlothDesignSystemModule */; };
		EDAC0D93272E925500611039 /* Coordinator.swift in Sources */ = {isa = PBXBuildFile; fileRef = EDAC0D92272E925500611039 /* Coordinator.swift */; };
		EDAC0D95272E92DB00611039 /* AppCoordinator.swift in Sources */ = {isa = PBXBuildFile; fileRef = EDAC0D94272E92DB00611039 /* AppCoordinator.swift */; };
		EDAC0D97272E94FB00611039 /* RegisterLessonInformationViewCoordinator.swift in Sources */ = {isa = PBXBuildFile; fileRef = EDAC0D96272E94FB00611039 /* RegisterLessonInformationViewCoordinator.swift */; };
		EDADE814272B0F1600E96099 /* SlothPickerViewController.swift in Sources */ = {isa = PBXBuildFile; fileRef = EDADE813272B0F1600E96099 /* SlothPickerViewController.swift */; };
		EDADE816272B105300E96099 /* SlothPickerViewDependencyContainer.swift in Sources */ = {isa = PBXBuildFile; fileRef = EDADE815272B105200E96099 /* SlothPickerViewDependencyContainer.swift */; };
		EDADE818272B107700E96099 /* SlothPickerViewModel.swift in Sources */ = {isa = PBXBuildFile; fileRef = EDADE817272B107700E96099 /* SlothPickerViewModel.swift */; };
		EDADE81A272B112B00E96099 /* SlothPickerViewLayoutContainer.swift in Sources */ = {isa = PBXBuildFile; fileRef = EDADE819272B112B00E96099 /* SlothPickerViewLayoutContainer.swift */; };
		EDCFB887272EF8F800DB7DFE /* RegisterLessonInformationInputFormViewFactory.swift in Sources */ = {isa = PBXBuildFile; fileRef = EDCFB886272EF8F800DB7DFE /* RegisterLessonInformationInputFormViewFactory.swift */; };
		EDCFB889272EF92200DB7DFE /* RegisterLessonInformationViewPickerFactory.swift in Sources */ = {isa = PBXBuildFile; fileRef = EDCFB888272EF92200DB7DFE /* RegisterLessonInformationViewPickerFactory.swift */; };
		EDCFB88B272EFB3B00DB7DFE /* RegisterLessonViewCoordiantor.swift in Sources */ = {isa = PBXBuildFile; fileRef = EDCFB88A272EFB3B00DB7DFE /* RegisterLessonViewCoordiantor.swift */; };
		EDCFB890272EFEF900DB7DFE /* RegisterLessonInputFormViewFactory.swift in Sources */ = {isa = PBXBuildFile; fileRef = EDCFB88F272EFEF900DB7DFE /* RegisterLessonInputFormViewFactory.swift */; };
		EDDC4C78270B050C00AD707F /* AppDelegate.swift in Sources */ = {isa = PBXBuildFile; fileRef = EDDC4C77270B050C00AD707F /* AppDelegate.swift */; };
		EDDC4C7C270B050C00AD707F /* SignInViewController.swift in Sources */ = {isa = PBXBuildFile; fileRef = EDDC4C7B270B050C00AD707F /* SignInViewController.swift */; };
		EDDC4C81270B050D00AD707F /* Assets.xcassets in Resources */ = {isa = PBXBuildFile; fileRef = EDDC4C80270B050D00AD707F /* Assets.xcassets */; };
		EDDC4C84270B050D00AD707F /* LaunchScreen.storyboard in Resources */ = {isa = PBXBuildFile; fileRef = EDDC4C82270B050D00AD707F /* LaunchScreen.storyboard */; };
		EDE5E088272C4ED900B2AFAF /* SlothPickerRepository.swift in Sources */ = {isa = PBXBuildFile; fileRef = EDE5E087272C4ED900B2AFAF /* SlothPickerRepository.swift */; };
		EDE5E08A272C5E9B00B2AFAF /* SelectSiteRepository.swift in Sources */ = {isa = PBXBuildFile; fileRef = EDE5E089272C5E9B00B2AFAF /* SelectSiteRepository.swift */; };
		EDE5E08C272CC90D00B2AFAF /* LessonInformation.swift in Sources */ = {isa = PBXBuildFile; fileRef = EDE5E08B272CC90D00B2AFAF /* LessonInformation.swift */; };
		EDE5E091272CCAAD00B2AFAF /* RegisterLessonGoalViewModel.swift in Sources */ = {isa = PBXBuildFile; fileRef = EDE5E090272CCAAD00B2AFAF /* RegisterLessonGoalViewModel.swift */; };
		EDE5E093272CCC8000B2AFAF /* RegisterLessonViewModelType.swift in Sources */ = {isa = PBXBuildFile; fileRef = EDE5E092272CCC8000B2AFAF /* RegisterLessonViewModelType.swift */; };
		EDE5E095272CCCCF00B2AFAF /* RegisterLessonNextButtonState.swift in Sources */ = {isa = PBXBuildFile; fileRef = EDE5E094272CCCCF00B2AFAF /* RegisterLessonNextButtonState.swift */; };
		EDE5E097272CD16900B2AFAF /* RegisterLessonInputForm.swift in Sources */ = {isa = PBXBuildFile; fileRef = EDE5E096272CD16900B2AFAF /* RegisterLessonInputForm.swift */; };
		EDE5E099272CD1EA00B2AFAF /* RegisterLessionViewNavigationType.swift in Sources */ = {isa = PBXBuildFile; fileRef = EDE5E098272CD1EA00B2AFAF /* RegisterLessionViewNavigationType.swift */; };
		EDFF069F271481BE009A0B32 /* AppleSessionManager.swift in Sources */ = {isa = PBXBuildFile; fileRef = EDFF069E271481BE009A0B32 /* AppleSessionManager.swift */; };
/* End PBXBuildFile section */

/* Begin PBXFileReference section */
		633646A0AAD4FDF7FFE35765 /* Pods_Nanagong.framework */ = {isa = PBXFileReference; explicitFileType = wrapper.framework; includeInIndex = 0; path = Pods_Nanagong.framework; sourceTree = BUILT_PRODUCTS_DIR; };
		AB538AD3272A8E6F007776E2 /* OnBoardingViewController.swift */ = {isa = PBXFileReference; lastKnownFileType = sourcecode.swift; path = OnBoardingViewController.swift; sourceTree = "<group>"; };
		AB538ADD272C3CF9007776E2 /* KeyChaingWrapper+Extension.swift */ = {isa = PBXFileReference; lastKnownFileType = sourcecode.swift; path = "KeyChaingWrapper+Extension.swift"; sourceTree = "<group>"; };
		AB538AE2272C490D007776E2 /* KeyChainManager.swift */ = {isa = PBXFileReference; lastKnownFileType = sourcecode.swift; path = KeyChainManager.swift; sourceTree = "<group>"; };
		AB538AE4272C4E6B007776E2 /* OnBoardingViewModel.swift */ = {isa = PBXFileReference; lastKnownFileType = sourcecode.swift; path = OnBoardingViewModel.swift; sourceTree = "<group>"; };
		AB538AE6272C5849007776E2 /* PrivacyPolicyViewController.swift */ = {isa = PBXFileReference; lastKnownFileType = sourcecode.swift; path = PrivacyPolicyViewController.swift; sourceTree = "<group>"; };
		AB538AE8272C82EE007776E2 /* OnBoardingDependencyContainer.swift */ = {isa = PBXFileReference; lastKnownFileType = sourcecode.swift; path = OnBoardingDependencyContainer.swift; sourceTree = "<group>"; };
		ABC2FC3A27147F16009B5829 /* GoogleSessionManager.swift */ = {isa = PBXFileReference; lastKnownFileType = sourcecode.swift; path = GoogleSessionManager.swift; sourceTree = "<group>"; };
		ECB1F46D29CBE148BBD96C47 /* Pods-Nanagong.release.xcconfig */ = {isa = PBXFileReference; includeInIndex = 1; lastKnownFileType = text.xcconfig; name = "Pods-Nanagong.release.xcconfig"; path = "Target Support Files/Pods-Nanagong/Pods-Nanagong.release.xcconfig"; sourceTree = "<group>"; };
		ED1ECBF727282883003FF62D /* IdNamePairType.swift */ = {isa = PBXFileReference; lastKnownFileType = sourcecode.swift; path = IdNamePairType.swift; sourceTree = "<group>"; };
		ED1ECBF92728291D003FF62D /* LessonSite.swift */ = {isa = PBXFileReference; lastKnownFileType = sourcecode.swift; path = LessonSite.swift; sourceTree = "<group>"; };
		ED2DC9022720415E003426D6 /* RegisterLessonViewController.swift */ = {isa = PBXFileReference; lastKnownFileType = sourcecode.swift; path = RegisterLessonViewController.swift; sourceTree = "<group>"; };
		ED2DC90427204693003426D6 /* RegisterLessonViewLayoutContainer.swift */ = {isa = PBXFileReference; lastKnownFileType = sourcecode.swift; path = RegisterLessonViewLayoutContainer.swift; sourceTree = "<group>"; };
		ED2DC90627206377003426D6 /* SlothTextFieldInputFormView.swift */ = {isa = PBXFileReference; lastKnownFileType = sourcecode.swift; path = SlothTextFieldInputFormView.swift; sourceTree = "<group>"; };
		ED2DC90927207CC7003426D6 /* RegisterLessionInformationViewModel.swift */ = {isa = PBXFileReference; lastKnownFileType = sourcecode.swift; path = RegisterLessionInformationViewModel.swift; sourceTree = "<group>"; };
		ED47DD48272716B9002AC5FB /* LessonCategory.swift */ = {isa = PBXFileReference; lastKnownFileType = sourcecode.swift; path = LessonCategory.swift; sourceTree = "<group>"; };
		ED47DD4A272716FF002AC5FB /* SlothSelectBoxInputFormViewModel.swift */ = {isa = PBXFileReference; lastKnownFileType = sourcecode.swift; path = SlothSelectBoxInputFormViewModel.swift; sourceTree = "<group>"; };
		ED47DD4C27271781002AC5FB /* SlothSelectBoxInputFormView.swift */ = {isa = PBXFileReference; lastKnownFileType = sourcecode.swift; path = SlothSelectBoxInputFormView.swift; sourceTree = "<group>"; };
		ED6BA8AB2713410000DA3535 /* SlothAppDependencyContainer.swift */ = {isa = PBXFileReference; lastKnownFileType = sourcecode.swift; path = SlothAppDependencyContainer.swift; sourceTree = "<group>"; };
		ED6BE97F2724657B0011693B /* RegisterLessonInformationViewControllerFacotry.swift */ = {isa = PBXFileReference; lastKnownFileType = sourcecode.swift; path = RegisterLessonInformationViewControllerFacotry.swift; sourceTree = "<group>"; };
		ED6BE981272467C40011693B /* SlothTextFieldInputFormViewModel.swift */ = {isa = PBXFileReference; lastKnownFileType = sourcecode.swift; path = SlothTextFieldInputFormViewModel.swift; sourceTree = "<group>"; };
		ED94034327187A91006D32A6 /* NetworkManager.swift */ = {isa = PBXFileReference; lastKnownFileType = sourcecode.swift; path = NetworkManager.swift; sourceTree = "<group>"; };
		ED94034E271886C6006D32A6 /* SignInViewModel.swift */ = {isa = PBXFileReference; lastKnownFileType = sourcecode.swift; path = SignInViewModel.swift; sourceTree = "<group>"; };
		ED94035227191536006D32A6 /* SignInRepository.swift */ = {isa = PBXFileReference; lastKnownFileType = sourcecode.swift; path = SignInRepository.swift; sourceTree = "<group>"; };
		ED94035427191E1B006D32A6 /* EndPoint.swift */ = {isa = PBXFileReference; lastKnownFileType = sourcecode.swift; path = EndPoint.swift; sourceTree = "<group>"; };
		ED94035627199298006D32A6 /* SocialSignInModel.swift */ = {isa = PBXFileReference; lastKnownFileType = sourcecode.swift; path = SocialSignInModel.swift; sourceTree = "<group>"; };
		ED9D10EC271346EE0034F96E /* KakaoSessionManager.swift */ = {isa = PBXFileReference; lastKnownFileType = sourcecode.swift; path = KakaoSessionManager.swift; sourceTree = "<group>"; };
		ED9D10EE271349550034F96E /* Config.xcconfig */ = {isa = PBXFileReference; lastKnownFileType = text.xcconfig; path = Config.xcconfig; sourceTree = "<group>"; };
		EDAC0D92272E925500611039 /* Coordinator.swift */ = {isa = PBXFileReference; lastKnownFileType = sourcecode.swift; path = Coordinator.swift; sourceTree = "<group>"; };
		EDAC0D94272E92DB00611039 /* AppCoordinator.swift */ = {isa = PBXFileReference; lastKnownFileType = sourcecode.swift; path = AppCoordinator.swift; sourceTree = "<group>"; };
		EDAC0D96272E94FB00611039 /* RegisterLessonInformationViewCoordinator.swift */ = {isa = PBXFileReference; lastKnownFileType = sourcecode.swift; path = RegisterLessonInformationViewCoordinator.swift; sourceTree = "<group>"; };
		EDADE813272B0F1600E96099 /* SlothPickerViewController.swift */ = {isa = PBXFileReference; lastKnownFileType = sourcecode.swift; path = SlothPickerViewController.swift; sourceTree = "<group>"; };
		EDADE815272B105200E96099 /* SlothPickerViewDependencyContainer.swift */ = {isa = PBXFileReference; lastKnownFileType = sourcecode.swift; path = SlothPickerViewDependencyContainer.swift; sourceTree = "<group>"; };
		EDADE817272B107700E96099 /* SlothPickerViewModel.swift */ = {isa = PBXFileReference; lastKnownFileType = sourcecode.swift; path = SlothPickerViewModel.swift; sourceTree = "<group>"; };
		EDADE819272B112B00E96099 /* SlothPickerViewLayoutContainer.swift */ = {isa = PBXFileReference; lastKnownFileType = sourcecode.swift; path = SlothPickerViewLayoutContainer.swift; sourceTree = "<group>"; };
		EDCFB886272EF8F800DB7DFE /* RegisterLessonInformationInputFormViewFactory.swift */ = {isa = PBXFileReference; lastKnownFileType = sourcecode.swift; path = RegisterLessonInformationInputFormViewFactory.swift; sourceTree = "<group>"; };
		EDCFB888272EF92200DB7DFE /* RegisterLessonInformationViewPickerFactory.swift */ = {isa = PBXFileReference; lastKnownFileType = sourcecode.swift; path = RegisterLessonInformationViewPickerFactory.swift; sourceTree = "<group>"; };
		EDCFB88A272EFB3B00DB7DFE /* RegisterLessonViewCoordiantor.swift */ = {isa = PBXFileReference; lastKnownFileType = sourcecode.swift; path = RegisterLessonViewCoordiantor.swift; sourceTree = "<group>"; };
		EDCFB88F272EFEF900DB7DFE /* RegisterLessonInputFormViewFactory.swift */ = {isa = PBXFileReference; lastKnownFileType = sourcecode.swift; path = RegisterLessonInputFormViewFactory.swift; sourceTree = "<group>"; };
		EDDC4C74270B050C00AD707F /* Nanagong.app */ = {isa = PBXFileReference; explicitFileType = wrapper.application; includeInIndex = 0; path = Nanagong.app; sourceTree = BUILT_PRODUCTS_DIR; };
		EDDC4C77270B050C00AD707F /* AppDelegate.swift */ = {isa = PBXFileReference; lastKnownFileType = sourcecode.swift; path = AppDelegate.swift; sourceTree = "<group>"; };
		EDDC4C7B270B050C00AD707F /* SignInViewController.swift */ = {isa = PBXFileReference; lastKnownFileType = sourcecode.swift; path = SignInViewController.swift; sourceTree = "<group>"; };
		EDDC4C80270B050D00AD707F /* Assets.xcassets */ = {isa = PBXFileReference; lastKnownFileType = folder.assetcatalog; path = Assets.xcassets; sourceTree = "<group>"; };
		EDDC4C83270B050D00AD707F /* Base */ = {isa = PBXFileReference; lastKnownFileType = file.storyboard; name = Base; path = Base.lproj/LaunchScreen.storyboard; sourceTree = "<group>"; };
		EDDC4C85270B050D00AD707F /* Info.plist */ = {isa = PBXFileReference; lastKnownFileType = text.plist.xml; path = Info.plist; sourceTree = "<group>"; };
		EDE5E087272C4ED900B2AFAF /* SlothPickerRepository.swift */ = {isa = PBXFileReference; lastKnownFileType = sourcecode.swift; path = SlothPickerRepository.swift; sourceTree = "<group>"; };
		EDE5E089272C5E9B00B2AFAF /* SelectSiteRepository.swift */ = {isa = PBXFileReference; lastKnownFileType = sourcecode.swift; path = SelectSiteRepository.swift; sourceTree = "<group>"; };
		EDE5E08B272CC90D00B2AFAF /* LessonInformation.swift */ = {isa = PBXFileReference; lastKnownFileType = sourcecode.swift; path = LessonInformation.swift; sourceTree = "<group>"; };
		EDE5E090272CCAAD00B2AFAF /* RegisterLessonGoalViewModel.swift */ = {isa = PBXFileReference; lastKnownFileType = sourcecode.swift; path = RegisterLessonGoalViewModel.swift; sourceTree = "<group>"; };
		EDE5E092272CCC8000B2AFAF /* RegisterLessonViewModelType.swift */ = {isa = PBXFileReference; lastKnownFileType = sourcecode.swift; path = RegisterLessonViewModelType.swift; sourceTree = "<group>"; };
		EDE5E094272CCCCF00B2AFAF /* RegisterLessonNextButtonState.swift */ = {isa = PBXFileReference; lastKnownFileType = sourcecode.swift; path = RegisterLessonNextButtonState.swift; sourceTree = "<group>"; };
		EDE5E096272CD16900B2AFAF /* RegisterLessonInputForm.swift */ = {isa = PBXFileReference; lastKnownFileType = sourcecode.swift; path = RegisterLessonInputForm.swift; sourceTree = "<group>"; };
		EDE5E098272CD1EA00B2AFAF /* RegisterLessionViewNavigationType.swift */ = {isa = PBXFileReference; lastKnownFileType = sourcecode.swift; path = RegisterLessionViewNavigationType.swift; sourceTree = "<group>"; };
		EDFF069D2714810E009A0B32 /* Nanagong.entitlements */ = {isa = PBXFileReference; lastKnownFileType = text.plist.entitlements; path = Nanagong.entitlements; sourceTree = "<group>"; };
		EDFF069E271481BE009A0B32 /* AppleSessionManager.swift */ = {isa = PBXFileReference; lastKnownFileType = sourcecode.swift; path = AppleSessionManager.swift; sourceTree = "<group>"; };
		FBC6757DBF37623D44ECF23B /* Pods-Nanagong.debug.xcconfig */ = {isa = PBXFileReference; includeInIndex = 1; lastKnownFileType = text.xcconfig; name = "Pods-Nanagong.debug.xcconfig"; path = "Target Support Files/Pods-Nanagong/Pods-Nanagong.debug.xcconfig"; sourceTree = "<group>"; };
/* End PBXFileReference section */

/* Begin PBXFrameworksBuildPhase section */
		EDDC4C71270B050C00AD707F /* Frameworks */ = {
			isa = PBXFrameworksBuildPhase;
			buildActionMask = 2147483647;
			files = (
				EDAC0D8B272E8B6100611039 /* SlothDesignSystemModule in Frameworks */,
				ED94034D27187C29006D32A6 /* SlothNetworkModule in Frameworks */,
				AB538ADC272C1D8B007776E2 /* SwiftKeychainWrapper in Frameworks */,
				4F21088CA8C9DDE3CC76FB1B /* Pods_Nanagong.framework in Frameworks */,
			);
			runOnlyForDeploymentPostprocessing = 0;
		};
/* End PBXFrameworksBuildPhase section */

/* Begin PBXGroup section */
		26671FEB77AAD71BD3707440 /* Frameworks */ = {
			isa = PBXGroup;
			children = (
				633646A0AAD4FDF7FFE35765 /* Pods_Nanagong.framework */,
			);
			name = Frameworks;
			sourceTree = "<group>";
		};
		987BAFFAAAB443DE3DE7BC34 /* Pods */ = {
			isa = PBXGroup;
			children = (
				FBC6757DBF37623D44ECF23B /* Pods-Nanagong.debug.xcconfig */,
				ECB1F46D29CBE148BBD96C47 /* Pods-Nanagong.release.xcconfig */,
			);
			path = Pods;
			sourceTree = "<group>";
		};
		AB538AE1272C48EF007776E2 /* KeyChain */ = {
			isa = PBXGroup;
			children = (
				AB538AE2272C490D007776E2 /* KeyChainManager.swift */,
				AB538ADD272C3CF9007776E2 /* KeyChaingWrapper+Extension.swift */,
			);
			path = KeyChain;
            sourceTree = "<group>";
        };
		ED2DC9012720413B003426D6 /* RegisterLessonView */ = {
			isa = PBXGroup;
			children = (
				EDCFB88E272EFE5800DB7DFE /* RegisterLessonInformationView */,
				EDCFB88D272EFE3E00DB7DFE /* RegisterLessonGoalView */,
				EDCFB88C272EFDC500DB7DFE /* Common */,
				EDADE81B272B118600E96099 /* SlothPickerViewController */,
				ED2DC90827207CBA003426D6 /* Model */,
			);
			path = RegisterLessonView;
			sourceTree = "<group>";
		};
		ED2DC90827207CBA003426D6 /* Model */ = {
			isa = PBXGroup;
			children = (
				ED2DC90927207CC7003426D6 /* RegisterLessionInformationViewModel.swift */,
				EDE5E090272CCAAD00B2AFAF /* RegisterLessonGoalViewModel.swift */,
				EDE5E092272CCC8000B2AFAF /* RegisterLessonViewModelType.swift */,
				EDE5E094272CCCCF00B2AFAF /* RegisterLessonNextButtonState.swift */,
				EDE5E096272CD16900B2AFAF /* RegisterLessonInputForm.swift */,
				EDE5E098272CD1EA00B2AFAF /* RegisterLessionViewNavigationType.swift */,
			);
			path = Model;
			sourceTree = "<group>";
		};
		ED47DD4E2727189B002AC5FB /* ViewModel */ = {
			isa = PBXGroup;
			children = (
				ED6BE981272467C40011693B /* SlothTextFieldInputFormViewModel.swift */,
				ED47DD4A272716FF002AC5FB /* SlothSelectBoxInputFormViewModel.swift */,
			);
			path = ViewModel;
			sourceTree = "<group>";
		};
		ED47DD4F272718AD002AC5FB /* View */ = {
			isa = PBXGroup;
			children = (
				ED2DC90627206377003426D6 /* SlothTextFieldInputFormView.swift */,
				ED47DD4C27271781002AC5FB /* SlothSelectBoxInputFormView.swift */,
			);
			path = View;
			sourceTree = "<group>";
		};
		ED94035F2719CDC4006D32A6 /* Resources */ = {
			isa = PBXGroup;
			children = (
				EDFF069D2714810E009A0B32 /* Nanagong.entitlements */,
				EDDC4C80270B050D00AD707F /* Assets.xcassets */,
				EDDC4C82270B050D00AD707F /* LaunchScreen.storyboard */,
				EDDC4C85270B050D00AD707F /* Info.plist */,
			);
			path = Resources;
			sourceTree = "<group>";
		};
		ED9403602719CDD0006D32A6 /* Common */ = {
			isa = PBXGroup;
			children = (
				EDAC0D94272E92DB00611039 /* AppCoordinator.swift */,
				EDDC4C77270B050C00AD707F /* AppDelegate.swift */,
				EDAC0D92272E925500611039 /* Coordinator.swift */,
				ED6BA8AB2713410000DA3535 /* SlothAppDependencyContainer.swift */,
				AB538AE8272C82EE007776E2 /* OnBoardingDependencyContainer.swift */,
				ED9D10EB271346D20034F96E /* CreateUserSessionManager */,
				ED9403612719CDF0006D32A6 /* Model */,
				ED47DD4F272718AD002AC5FB /* View */,
				ED47DD4E2727189B002AC5FB /* ViewModel */,
			);
			path = Common;
			sourceTree = "<group>";
		};
		ED9403612719CDF0006D32A6 /* Model */ = {
			isa = PBXGroup;
			children = (
				ED47DD48272716B9002AC5FB /* LessonCategory.swift */,
				ED1ECBF92728291D003FF62D /* LessonSite.swift */,
				EDE5E08B272CC90D00B2AFAF /* LessonInformation.swift */,
				ED1ECBF727282883003FF62D /* IdNamePairType.swift */,
				ED94035627199298006D32A6 /* SocialSignInModel.swift */,
				AB538AE1272C48EF007776E2 /* KeyChain */,
				ED9403622719CDFC006D32A6 /* Network */,
			);
			path = Model;
			sourceTree = "<group>";
		};
		ED9403622719CDFC006D32A6 /* Network */ = {
			isa = PBXGroup;
			children = (
				ED94035427191E1B006D32A6 /* EndPoint.swift */,
				ED94034327187A91006D32A6 /* NetworkManager.swift */,
			);
			path = Network;
			sourceTree = "<group>";
		};
		ED9403632719CE24006D32A6 /* OnboardingView */ = {
			isa = PBXGroup;
			children = (
				AB538AD3272A8E6F007776E2 /* OnBoardingViewController.swift */,
				EDDC4C7B270B050C00AD707F /* SignInViewController.swift */,
				AB538AE6272C5849007776E2 /* PrivacyPolicyViewController.swift */,
				ED9403642719CE37006D32A6 /* ViewModel */,
			);
			path = OnboardingView;
			sourceTree = "<group>";
		};
		ED9403642719CE37006D32A6 /* ViewModel */ = {
			isa = PBXGroup;
			children = (
				ED94035227191536006D32A6 /* SignInRepository.swift */,
				ED94034E271886C6006D32A6 /* SignInViewModel.swift */,
				AB538AE4272C4E6B007776E2 /* OnBoardingViewModel.swift */,
			);
			path = ViewModel;
			sourceTree = "<group>";
		};
		ED9D10EB271346D20034F96E /* CreateUserSessionManager */ = {
			isa = PBXGroup;
			children = (
				ED9D10EC271346EE0034F96E /* KakaoSessionManager.swift */,
				ABC2FC3A27147F16009B5829 /* GoogleSessionManager.swift */,
				EDFF069E271481BE009A0B32 /* AppleSessionManager.swift */,
			);
			path = CreateUserSessionManager;
			sourceTree = "<group>";
		};
		EDADE81B272B118600E96099 /* SlothPickerViewController */ = {
			isa = PBXGroup;
			children = (
				EDADE813272B0F1600E96099 /* SlothPickerViewController.swift */,
				EDADE815272B105200E96099 /* SlothPickerViewDependencyContainer.swift */,
				EDADE817272B107700E96099 /* SlothPickerViewModel.swift */,
				EDADE819272B112B00E96099 /* SlothPickerViewLayoutContainer.swift */,
				EDE5E087272C4ED900B2AFAF /* SlothPickerRepository.swift */,
				EDE5E089272C5E9B00B2AFAF /* SelectSiteRepository.swift */,
			);
			path = SlothPickerViewController;
			sourceTree = "<group>";
		};
		EDCFB88C272EFDC500DB7DFE /* Common */ = {
			isa = PBXGroup;
			children = (
				ED2DC9022720415E003426D6 /* RegisterLessonViewController.swift */,
				EDCFB88A272EFB3B00DB7DFE /* RegisterLessonViewCoordiantor.swift */,
				ED2DC90427204693003426D6 /* RegisterLessonViewLayoutContainer.swift */,
				EDCFB88F272EFEF900DB7DFE /* RegisterLessonInputFormViewFactory.swift */,
			);
			path = Common;
			sourceTree = "<group>";
		};
		EDCFB88D272EFE3E00DB7DFE /* RegisterLessonGoalView */ = {
			isa = PBXGroup;
			children = (
			);
			path = RegisterLessonGoalView;
			sourceTree = "<group>";
		};
		EDCFB88E272EFE5800DB7DFE /* RegisterLessonInformationView */ = {
			isa = PBXGroup;
			children = (
				EDAC0D96272E94FB00611039 /* RegisterLessonInformationViewCoordinator.swift */,
				ED6BE97F2724657B0011693B /* RegisterLessonInformationViewControllerFacotry.swift */,
				EDCFB888272EF92200DB7DFE /* RegisterLessonInformationViewPickerFactory.swift */,
				EDCFB886272EF8F800DB7DFE /* RegisterLessonInformationInputFormViewFactory.swift */,
			);
			path = RegisterLessonInformationView;
			sourceTree = "<group>";
		};
		EDDC4C6B270B050C00AD707F = {
			isa = PBXGroup;
			children = (
				ED9D10EE271349550034F96E /* Config.xcconfig */,
				EDDC4C76270B050C00AD707F /* Nanagong */,
				EDDC4C75270B050C00AD707F /* Products */,
				987BAFFAAAB443DE3DE7BC34 /* Pods */,
				26671FEB77AAD71BD3707440 /* Frameworks */,
			);
			sourceTree = "<group>";
		};
		EDDC4C75270B050C00AD707F /* Products */ = {
			isa = PBXGroup;
			children = (
				EDDC4C74270B050C00AD707F /* Nanagong.app */,
			);
			name = Products;
			sourceTree = "<group>";
		};
		EDDC4C76270B050C00AD707F /* Nanagong */ = {
			isa = PBXGroup;
			children = (
				ED2DC9012720413B003426D6 /* RegisterLessonView */,
				ED9403602719CDD0006D32A6 /* Common */,
				ED94035F2719CDC4006D32A6 /* Resources */,
				ED9403632719CE24006D32A6 /* OnboardingView */,
			);
			path = Nanagong;
			sourceTree = "<group>";
		};
/* End PBXGroup section */

/* Begin PBXNativeTarget section */
		EDDC4C73270B050C00AD707F /* Nanagong */ = {
			isa = PBXNativeTarget;
			buildConfigurationList = EDDC4C88270B050D00AD707F /* Build configuration list for PBXNativeTarget "Nanagong" */;
			buildPhases = (
				703CE111F87F5E4A9B96B4F5 /* [CP] Check Pods Manifest.lock */,
				EDDC4C70270B050C00AD707F /* Sources */,
				EDDC4C71270B050C00AD707F /* Frameworks */,
				EDDC4C72270B050C00AD707F /* Resources */,
				0609BD74E3F87976087DDA0D /* [CP] Embed Pods Frameworks */,
			);
			buildRules = (
			);
			dependencies = (
			);
			name = Nanagong;
			packageProductDependencies = (
				ED94034C27187C29006D32A6 /* SlothNetworkModule */,
				EDAC0D8A272E8B6100611039 /* SlothDesignSystemModule */,
				AB538ADB272C1D8B007776E2 /* SwiftKeychainWrapper */,
			);
			productName = Nanagong;
			productReference = EDDC4C74270B050C00AD707F /* Nanagong.app */;
			productType = "com.apple.product-type.application";
		};
/* End PBXNativeTarget section */

/* Begin PBXProject section */
		EDDC4C6C270B050C00AD707F /* Project object */ = {
			isa = PBXProject;
			attributes = {
				BuildIndependentTargetsInParallel = 1;
				LastSwiftUpdateCheck = 1300;
				LastUpgradeCheck = 1300;
				TargetAttributes = {
					EDDC4C73270B050C00AD707F = {
						CreatedOnToolsVersion = 13.0;
					};
				};
			};
			buildConfigurationList = EDDC4C6F270B050C00AD707F /* Build configuration list for PBXProject "Nanagong" */;
			compatibilityVersion = "Xcode 13.0";
			developmentRegion = en;
			hasScannedForEncodings = 0;
			knownRegions = (
				en,
				Base,
			);
			mainGroup = EDDC4C6B270B050C00AD707F;
			packageReferences = (
				ED94034B27187C29006D32A6 /* XCRemoteSwiftPackageReference "sloth-iOS-NetworkModule" */,
				EDAC0D89272E8B6100611039 /* XCRemoteSwiftPackageReference "sloth-iOS-DesignSystemModule" */,
				AB538ADA272C1D8B007776E2 /* XCRemoteSwiftPackageReference "SwiftKeychainWrapper" */,
			);
			productRefGroup = EDDC4C75270B050C00AD707F /* Products */;
			projectDirPath = "";
			projectRoot = "";
			targets = (
				EDDC4C73270B050C00AD707F /* Nanagong */,
			);
		};
/* End PBXProject section */

/* Begin PBXResourcesBuildPhase section */
		EDDC4C72270B050C00AD707F /* Resources */ = {
			isa = PBXResourcesBuildPhase;
			buildActionMask = 2147483647;
			files = (
				EDDC4C84270B050D00AD707F /* LaunchScreen.storyboard in Resources */,
				EDDC4C81270B050D00AD707F /* Assets.xcassets in Resources */,
			);
			runOnlyForDeploymentPostprocessing = 0;
		};
/* End PBXResourcesBuildPhase section */

/* Begin PBXShellScriptBuildPhase section */
		0609BD74E3F87976087DDA0D /* [CP] Embed Pods Frameworks */ = {
			isa = PBXShellScriptBuildPhase;
			buildActionMask = 2147483647;
			files = (
			);
			inputFileListPaths = (
				"${PODS_ROOT}/Target Support Files/Pods-Nanagong/Pods-Nanagong-frameworks-${CONFIGURATION}-input-files.xcfilelist",
			);
			name = "[CP] Embed Pods Frameworks";
			outputFileListPaths = (
				"${PODS_ROOT}/Target Support Files/Pods-Nanagong/Pods-Nanagong-frameworks-${CONFIGURATION}-output-files.xcfilelist",
			);
			runOnlyForDeploymentPostprocessing = 0;
			shellPath = /bin/sh;
			shellScript = "\"${PODS_ROOT}/Target Support Files/Pods-Nanagong/Pods-Nanagong-frameworks.sh\"\n";
			showEnvVarsInLog = 0;
		};
		703CE111F87F5E4A9B96B4F5 /* [CP] Check Pods Manifest.lock */ = {
			isa = PBXShellScriptBuildPhase;
			buildActionMask = 2147483647;
			files = (
			);
			inputFileListPaths = (
			);
			inputPaths = (
				"${PODS_PODFILE_DIR_PATH}/Podfile.lock",
				"${PODS_ROOT}/Manifest.lock",
			);
			name = "[CP] Check Pods Manifest.lock";
			outputFileListPaths = (
			);
			outputPaths = (
				"$(DERIVED_FILE_DIR)/Pods-Nanagong-checkManifestLockResult.txt",
			);
			runOnlyForDeploymentPostprocessing = 0;
			shellPath = /bin/sh;
			shellScript = "diff \"${PODS_PODFILE_DIR_PATH}/Podfile.lock\" \"${PODS_ROOT}/Manifest.lock\" > /dev/null\nif [ $? != 0 ] ; then\n    # print error to STDERR\n    echo \"error: The sandbox is not in sync with the Podfile.lock. Run 'pod install' or update your CocoaPods installation.\" >&2\n    exit 1\nfi\n# This output is used by Xcode 'outputs' to avoid re-running this script phase.\necho \"SUCCESS\" > \"${SCRIPT_OUTPUT_FILE_0}\"\n";
			showEnvVarsInLog = 0;
		};
/* End PBXShellScriptBuildPhase section */

/* Begin PBXSourcesBuildPhase section */
		EDDC4C70270B050C00AD707F /* Sources */ = {
			isa = PBXSourcesBuildPhase;
			buildActionMask = 2147483647;
			files = (
				ED2DC90727206377003426D6 /* SlothTextFieldInputFormView.swift in Sources */,
				ED47DD49272716B9002AC5FB /* LessonCategory.swift in Sources */,
				EDE5E08A272C5E9B00B2AFAF /* SelectSiteRepository.swift in Sources */,
				EDADE816272B105300E96099 /* SlothPickerViewDependencyContainer.swift in Sources */,
				EDAC0D97272E94FB00611039 /* RegisterLessonInformationViewCoordinator.swift in Sources */,
				ED2DC90527204693003426D6 /* RegisterLessonViewLayoutContainer.swift in Sources */,
				EDE5E093272CCC8000B2AFAF /* RegisterLessonViewModelType.swift in Sources */,
				EDCFB890272EFEF900DB7DFE /* RegisterLessonInputFormViewFactory.swift in Sources */,
				EDE5E095272CCCCF00B2AFAF /* RegisterLessonNextButtonState.swift in Sources */,
				EDADE81A272B112B00E96099 /* SlothPickerViewLayoutContainer.swift in Sources */,
				EDE5E091272CCAAD00B2AFAF /* RegisterLessonGoalViewModel.swift in Sources */,
				ED47DD4B272716FF002AC5FB /* SlothSelectBoxInputFormViewModel.swift in Sources */,
				ED94034427187A91006D32A6 /* NetworkManager.swift in Sources */,
				EDFF069F271481BE009A0B32 /* AppleSessionManager.swift in Sources */,
				ED47DD4D27271781002AC5FB /* SlothSelectBoxInputFormView.swift in Sources */,
				ED94035527191E1B006D32A6 /* EndPoint.swift in Sources */,
				EDE5E08C272CC90D00B2AFAF /* LessonInformation.swift in Sources */,
				ED94035327191536006D32A6 /* SignInRepository.swift in Sources */,
				EDDC4C7C270B050C00AD707F /* SignInViewController.swift in Sources */,
				AB538AE3272C490D007776E2 /* KeyChainManager.swift in Sources */,
				EDDC4C78270B050C00AD707F /* AppDelegate.swift in Sources */,
				ED9D10ED271346EE0034F96E /* KakaoSessionManager.swift in Sources */,
				ED94034F271886C6006D32A6 /* SignInViewModel.swift in Sources */,
				AB538AD4272A8E6F007776E2 /* OnBoardingViewController.swift in Sources */,
				ED94035727199298006D32A6 /* SocialSignInModel.swift in Sources */,
				AB538AE7272C5849007776E2 /* PrivacyPolicyViewController.swift in Sources */,
				ED6BA8AC2713410000DA3535 /* SlothAppDependencyContainer.swift in Sources */,
				AB538AE5272C4E6B007776E2 /* OnBoardingViewModel.swift in Sources */,
				ABC2FC3B27147F16009B5829 /* GoogleSessionManager.swift in Sources */,
				AB538ADE272C3CF9007776E2 /* KeyChaingWrapper+Extension.swift in Sources */,
				AB538AE9272C82EE007776E2 /* OnBoardingDependencyContainer.swift in Sources */,
				EDE5E097272CD16900B2AFAF /* RegisterLessonInputForm.swift in Sources */,
				ED2DC90A27207CC7003426D6 /* RegisterLessionInformationViewModel.swift in Sources */,
				ED1ECBFA2728291D003FF62D /* LessonSite.swift in Sources */,
				EDDC4C7C270B050C00AD707F /* OnBoardingViewController.swift in Sources */,
				EDDC4C78270B050C00AD707F /* AppDelegate.swift in Sources */,
				EDCFB889272EF92200DB7DFE /* RegisterLessonInformationViewPickerFactory.swift in Sources */,
				ED9D10ED271346EE0034F96E /* KakaoSessionManager.swift in Sources */,
				ED94034F271886C6006D32A6 /* OnboardingViewModel.swift in Sources */,
				EDE5E099272CD1EA00B2AFAF /* RegisterLessionViewNavigationType.swift in Sources */,
				EDAC0D95272E92DB00611039 /* AppCoordinator.swift in Sources */,
				ED94035727199298006D32A6 /* SocialSignInModel.swift in Sources */,
				ED6BE9802724657B0011693B /* RegisterLessonInformationViewControllerFacotry.swift in Sources */,
				ED2DC9032720415E003426D6 /* RegisterLessonViewController.swift in Sources */,
				EDCFB887272EF8F800DB7DFE /* RegisterLessonInformationInputFormViewFactory.swift in Sources */,
				EDAC0D93272E925500611039 /* Coordinator.swift in Sources */,
				ED6BA8AC2713410000DA3535 /* SlothAppDependencyContainer.swift in Sources */,
				EDE5E088272C4ED900B2AFAF /* SlothPickerRepository.swift in Sources */,
				ED1ECBF827282883003FF62D /* IdNamePairType.swift in Sources */,
				EDADE814272B0F1600E96099 /* SlothPickerViewController.swift in Sources */,
				ED6BE982272467C40011693B /* SlothTextFieldInputFormViewModel.swift in Sources */,
				EDCFB88B272EFB3B00DB7DFE /* RegisterLessonViewCoordiantor.swift in Sources */,
				EDADE818272B107700E96099 /* SlothPickerViewModel.swift in Sources */,
			);
			runOnlyForDeploymentPostprocessing = 0;
		};
/* End PBXSourcesBuildPhase section */

/* Begin PBXVariantGroup section */
		EDDC4C82270B050D00AD707F /* LaunchScreen.storyboard */ = {
			isa = PBXVariantGroup;
			children = (
				EDDC4C83270B050D00AD707F /* Base */,
			);
			name = LaunchScreen.storyboard;
			sourceTree = "<group>";
		};
/* End PBXVariantGroup section */

/* Begin XCBuildConfiguration section */
		EDDC4C86270B050D00AD707F /* Debug */ = {
			isa = XCBuildConfiguration;
			baseConfigurationReference = ED9D10EE271349550034F96E /* Config.xcconfig */;
			buildSettings = {
				ALWAYS_SEARCH_USER_PATHS = NO;
				CLANG_ANALYZER_NONNULL = YES;
				CLANG_ANALYZER_NUMBER_OBJECT_CONVERSION = YES_AGGRESSIVE;
				CLANG_CXX_LANGUAGE_STANDARD = "gnu++17";
				CLANG_CXX_LIBRARY = "libc++";
				CLANG_ENABLE_MODULES = YES;
				CLANG_ENABLE_OBJC_ARC = YES;
				CLANG_ENABLE_OBJC_WEAK = YES;
				CLANG_WARN_BLOCK_CAPTURE_AUTORELEASING = YES;
				CLANG_WARN_BOOL_CONVERSION = YES;
				CLANG_WARN_COMMA = YES;
				CLANG_WARN_CONSTANT_CONVERSION = YES;
				CLANG_WARN_DEPRECATED_OBJC_IMPLEMENTATIONS = YES;
				CLANG_WARN_DIRECT_OBJC_ISA_USAGE = YES_ERROR;
				CLANG_WARN_DOCUMENTATION_COMMENTS = YES;
				CLANG_WARN_EMPTY_BODY = YES;
				CLANG_WARN_ENUM_CONVERSION = YES;
				CLANG_WARN_INFINITE_RECURSION = YES;
				CLANG_WARN_INT_CONVERSION = YES;
				CLANG_WARN_NON_LITERAL_NULL_CONVERSION = YES;
				CLANG_WARN_OBJC_IMPLICIT_RETAIN_SELF = YES;
				CLANG_WARN_OBJC_LITERAL_CONVERSION = YES;
				CLANG_WARN_OBJC_ROOT_CLASS = YES_ERROR;
				CLANG_WARN_QUOTED_INCLUDE_IN_FRAMEWORK_HEADER = YES;
				CLANG_WARN_RANGE_LOOP_ANALYSIS = YES;
				CLANG_WARN_STRICT_PROTOTYPES = YES;
				CLANG_WARN_SUSPICIOUS_MOVE = YES;
				CLANG_WARN_UNGUARDED_AVAILABILITY = YES_AGGRESSIVE;
				CLANG_WARN_UNREACHABLE_CODE = YES;
				CLANG_WARN__DUPLICATE_METHOD_MATCH = YES;
				COPY_PHASE_STRIP = NO;
				DEBUG_INFORMATION_FORMAT = dwarf;
				ENABLE_STRICT_OBJC_MSGSEND = YES;
				ENABLE_TESTABILITY = YES;
				GCC_C_LANGUAGE_STANDARD = gnu11;
				GCC_DYNAMIC_NO_PIC = NO;
				GCC_NO_COMMON_BLOCKS = YES;
				GCC_OPTIMIZATION_LEVEL = 0;
				GCC_PREPROCESSOR_DEFINITIONS = (
					"DEBUG=1",
					"$(inherited)",
				);
				GCC_WARN_64_TO_32_BIT_CONVERSION = YES;
				GCC_WARN_ABOUT_RETURN_TYPE = YES_ERROR;
				GCC_WARN_UNDECLARED_SELECTOR = YES;
				GCC_WARN_UNINITIALIZED_AUTOS = YES_AGGRESSIVE;
				GCC_WARN_UNUSED_FUNCTION = YES;
				GCC_WARN_UNUSED_VARIABLE = YES;
				IPHONEOS_DEPLOYMENT_TARGET = 15.0;
				MTL_ENABLE_DEBUG_INFO = INCLUDE_SOURCE;
				MTL_FAST_MATH = YES;
				ONLY_ACTIVE_ARCH = YES;
				SDKROOT = iphoneos;
				SWIFT_ACTIVE_COMPILATION_CONDITIONS = DEBUG;
				SWIFT_OPTIMIZATION_LEVEL = "-Onone";
			};
			name = Debug;
		};
		EDDC4C87270B050D00AD707F /* Release */ = {
			isa = XCBuildConfiguration;
			baseConfigurationReference = ED9D10EE271349550034F96E /* Config.xcconfig */;
			buildSettings = {
				ALWAYS_SEARCH_USER_PATHS = NO;
				CLANG_ANALYZER_NONNULL = YES;
				CLANG_ANALYZER_NUMBER_OBJECT_CONVERSION = YES_AGGRESSIVE;
				CLANG_CXX_LANGUAGE_STANDARD = "gnu++17";
				CLANG_CXX_LIBRARY = "libc++";
				CLANG_ENABLE_MODULES = YES;
				CLANG_ENABLE_OBJC_ARC = YES;
				CLANG_ENABLE_OBJC_WEAK = YES;
				CLANG_WARN_BLOCK_CAPTURE_AUTORELEASING = YES;
				CLANG_WARN_BOOL_CONVERSION = YES;
				CLANG_WARN_COMMA = YES;
				CLANG_WARN_CONSTANT_CONVERSION = YES;
				CLANG_WARN_DEPRECATED_OBJC_IMPLEMENTATIONS = YES;
				CLANG_WARN_DIRECT_OBJC_ISA_USAGE = YES_ERROR;
				CLANG_WARN_DOCUMENTATION_COMMENTS = YES;
				CLANG_WARN_EMPTY_BODY = YES;
				CLANG_WARN_ENUM_CONVERSION = YES;
				CLANG_WARN_INFINITE_RECURSION = YES;
				CLANG_WARN_INT_CONVERSION = YES;
				CLANG_WARN_NON_LITERAL_NULL_CONVERSION = YES;
				CLANG_WARN_OBJC_IMPLICIT_RETAIN_SELF = YES;
				CLANG_WARN_OBJC_LITERAL_CONVERSION = YES;
				CLANG_WARN_OBJC_ROOT_CLASS = YES_ERROR;
				CLANG_WARN_QUOTED_INCLUDE_IN_FRAMEWORK_HEADER = YES;
				CLANG_WARN_RANGE_LOOP_ANALYSIS = YES;
				CLANG_WARN_STRICT_PROTOTYPES = YES;
				CLANG_WARN_SUSPICIOUS_MOVE = YES;
				CLANG_WARN_UNGUARDED_AVAILABILITY = YES_AGGRESSIVE;
				CLANG_WARN_UNREACHABLE_CODE = YES;
				CLANG_WARN__DUPLICATE_METHOD_MATCH = YES;
				COPY_PHASE_STRIP = NO;
				DEBUG_INFORMATION_FORMAT = "dwarf-with-dsym";
				ENABLE_NS_ASSERTIONS = NO;
				ENABLE_STRICT_OBJC_MSGSEND = YES;
				GCC_C_LANGUAGE_STANDARD = gnu11;
				GCC_NO_COMMON_BLOCKS = YES;
				GCC_WARN_64_TO_32_BIT_CONVERSION = YES;
				GCC_WARN_ABOUT_RETURN_TYPE = YES_ERROR;
				GCC_WARN_UNDECLARED_SELECTOR = YES;
				GCC_WARN_UNINITIALIZED_AUTOS = YES_AGGRESSIVE;
				GCC_WARN_UNUSED_FUNCTION = YES;
				GCC_WARN_UNUSED_VARIABLE = YES;
				IPHONEOS_DEPLOYMENT_TARGET = 15.0;
				MTL_ENABLE_DEBUG_INFO = NO;
				MTL_FAST_MATH = YES;
				SDKROOT = iphoneos;
				SWIFT_COMPILATION_MODE = wholemodule;
				SWIFT_OPTIMIZATION_LEVEL = "-O";
				VALIDATE_PRODUCT = YES;
			};
			name = Release;
		};
		EDDC4C89270B050D00AD707F /* Debug */ = {
			isa = XCBuildConfiguration;
			baseConfigurationReference = FBC6757DBF37623D44ECF23B /* Pods-Nanagong.debug.xcconfig */;
			buildSettings = {
				ASSETCATALOG_COMPILER_APPICON_NAME = AppIcon;
				ASSETCATALOG_COMPILER_GLOBAL_ACCENT_COLOR_NAME = AccentColor;
				CODE_SIGN_ENTITLEMENTS = Nanagong/Resources/Nanagong.entitlements;
				CODE_SIGN_STYLE = Automatic;
				CURRENT_PROJECT_VERSION = 1;
				DEVELOPMENT_TEAM = 735P3R8MUU;
				GENERATE_INFOPLIST_FILE = YES;
				INFOPLIST_FILE = Nanagong/Resources/Info.plist;
				INFOPLIST_KEY_UIApplicationSupportsIndirectInputEvents = YES;
				INFOPLIST_KEY_UILaunchStoryboardName = LaunchScreen;
				INFOPLIST_KEY_UISupportedInterfaceOrientations = UIInterfaceOrientationPortrait;
				INFOPLIST_KEY_UISupportedInterfaceOrientations_iPad = "UIInterfaceOrientationPortrait UIInterfaceOrientationPortraitUpsideDown UIInterfaceOrientationLandscapeLeft UIInterfaceOrientationLandscapeRight";
				INFOPLIST_KEY_UISupportedInterfaceOrientations_iPhone = "UIInterfaceOrientationPortrait UIInterfaceOrientationLandscapeLeft UIInterfaceOrientationLandscapeRight";
				LD_RUNPATH_SEARCH_PATHS = (
					"$(inherited)",
					"@executable_path/Frameworks",
				);
				MARKETING_VERSION = 1.0;
				PRODUCT_BUNDLE_IDENTIFIER = com.sloth.Nanagong;
				PRODUCT_NAME = "$(TARGET_NAME)";
				SWIFT_EMIT_LOC_STRINGS = YES;
				SWIFT_VERSION = 5.0;
				TARGETED_DEVICE_FAMILY = 1;
			};
			name = Debug;
		};
		EDDC4C8A270B050D00AD707F /* Release */ = {
			isa = XCBuildConfiguration;
			baseConfigurationReference = ECB1F46D29CBE148BBD96C47 /* Pods-Nanagong.release.xcconfig */;
			buildSettings = {
				ASSETCATALOG_COMPILER_APPICON_NAME = AppIcon;
				ASSETCATALOG_COMPILER_GLOBAL_ACCENT_COLOR_NAME = AccentColor;
				CODE_SIGN_ENTITLEMENTS = Nanagong/Resources/Nanagong.entitlements;
				CODE_SIGN_STYLE = Automatic;
				CURRENT_PROJECT_VERSION = 1;
				DEVELOPMENT_TEAM = 735P3R8MUU;
				GENERATE_INFOPLIST_FILE = YES;
				INFOPLIST_FILE = Nanagong/Resources/Info.plist;
				INFOPLIST_KEY_UIApplicationSupportsIndirectInputEvents = YES;
				INFOPLIST_KEY_UILaunchStoryboardName = LaunchScreen;
				INFOPLIST_KEY_UISupportedInterfaceOrientations = UIInterfaceOrientationPortrait;
				INFOPLIST_KEY_UISupportedInterfaceOrientations_iPad = "UIInterfaceOrientationPortrait UIInterfaceOrientationPortraitUpsideDown UIInterfaceOrientationLandscapeLeft UIInterfaceOrientationLandscapeRight";
				INFOPLIST_KEY_UISupportedInterfaceOrientations_iPhone = "UIInterfaceOrientationPortrait UIInterfaceOrientationLandscapeLeft UIInterfaceOrientationLandscapeRight";
				LD_RUNPATH_SEARCH_PATHS = (
					"$(inherited)",
					"@executable_path/Frameworks",
				);
				MARKETING_VERSION = 1.0;
				PRODUCT_BUNDLE_IDENTIFIER = com.sloth.Nanagong;
				PRODUCT_NAME = "$(TARGET_NAME)";
				SWIFT_EMIT_LOC_STRINGS = YES;
				SWIFT_VERSION = 5.0;
				TARGETED_DEVICE_FAMILY = 1;
			};
			name = Release;
		};
/* End XCBuildConfiguration section */

/* Begin XCConfigurationList section */
		EDDC4C6F270B050C00AD707F /* Build configuration list for PBXProject "Nanagong" */ = {
			isa = XCConfigurationList;
			buildConfigurations = (
				EDDC4C86270B050D00AD707F /* Debug */,
				EDDC4C87270B050D00AD707F /* Release */,
			);
			defaultConfigurationIsVisible = 0;
			defaultConfigurationName = Release;
		};
		EDDC4C88270B050D00AD707F /* Build configuration list for PBXNativeTarget "Nanagong" */ = {
			isa = XCConfigurationList;
			buildConfigurations = (
				EDDC4C89270B050D00AD707F /* Debug */,
				EDDC4C8A270B050D00AD707F /* Release */,
			);
			defaultConfigurationIsVisible = 0;
			defaultConfigurationName = Release;
		};
/* End XCConfigurationList section */

/* Begin XCRemoteSwiftPackageReference section */
		AB538ADA272C1D8B007776E2 /* XCRemoteSwiftPackageReference "SwiftKeychainWrapper" */ = {
			isa = XCRemoteSwiftPackageReference;
			repositoryURL = "https://github.com/jrendel/SwiftKeychainWrapper";
			requirement = {
				kind = upToNextMajorVersion;
				minimumVersion = 4.0.0;
			};
		};
		ED94034B27187C29006D32A6 /* XCRemoteSwiftPackageReference "sloth-iOS-NetworkModule" */ = {
			isa = XCRemoteSwiftPackageReference;
			repositoryURL = "git@github.com:depromeet/sloth-iOS-NetworkModule.git";
			requirement = {
				branch = main;
				kind = branch;
			};
		};
		EDAC0D89272E8B6100611039 /* XCRemoteSwiftPackageReference "sloth-iOS-DesignSystemModule" */ = {
			isa = XCRemoteSwiftPackageReference;
			repositoryURL = "git@github.com:depromeet/sloth-iOS-DesignSystemModule.git";
			requirement = {
				branch = main;
				kind = branch;
			};
		};
/* End XCRemoteSwiftPackageReference section */

/* Begin XCSwiftPackageProductDependency section */
		AB538ADB272C1D8B007776E2 /* SwiftKeychainWrapper */ = {
			isa = XCSwiftPackageProductDependency;
			package = AB538ADA272C1D8B007776E2 /* XCRemoteSwiftPackageReference "SwiftKeychainWrapper" */;
			productName = SwiftKeychainWrapper;
		};
		ED94034C27187C29006D32A6 /* SlothNetworkModule */ = {
			isa = XCSwiftPackageProductDependency;
			package = ED94034B27187C29006D32A6 /* XCRemoteSwiftPackageReference "sloth-iOS-NetworkModule" */;
			productName = SlothNetworkModule;
		};
		EDAC0D8A272E8B6100611039 /* SlothDesignSystemModule */ = {
			isa = XCSwiftPackageProductDependency;
			package = EDAC0D89272E8B6100611039 /* XCRemoteSwiftPackageReference "sloth-iOS-DesignSystemModule" */;
			productName = SlothDesignSystemModule;
		};
/* End XCSwiftPackageProductDependency section */
	};
	rootObject = EDDC4C6C270B050C00AD707F /* Project object */;
}
