{
  "object": {
    "pins": [
      {
        "package": "SlothDesignSystemModule",
        "repositoryURL": "git@github.com:depromeet/sloth-iOS-DesignSystemModule.git",
        "state": {
          "branch": "main",
          "revision": "2b44e55adc1aa3519c0338f611c6755996e76ced",
          "version": null
        }
      },
      {
        "package": "SlothNetworkModule",
        "repositoryURL": "git@github.com:depromeet/sloth-iOS-NetworkModule.git",
        "state": {
          "branch": "main",
          "revision": "86bbc6990c74a2004ae586dfd151a8f9aab2d31f",
          "version": null
        }
      }
    ]
  },
  "version": 1
}
