PODS:
  - Alamofire (5.4.4)
  - AppAuth (1.4.0):
    - AppAuth/Core (= 1.4.0)
    - AppAuth/ExternalUserAgent (= 1.4.0)
  - AppAuth/Core (1.4.0)
  - AppAuth/ExternalUserAgent (1.4.0)
  - GoogleSignIn (6.0.2):
    - AppAuth (~> 1.4)
    - GTMAppAuth (~> 1.0)
    - GTMSessionFetcher/Core (~> 1.1)
  - GTMAppAuth (1.2.2):
    - AppAuth/Core (~> 1.4)
    - GTMSessionFetcher/Core (~> 1.5)
  - GTMSessionFetcher/Core (1.7.0)
  - KakaoSDKAuth (2.8.1):
    - KakaoSDKCommon (= 2.8.1)
  - KakaoSDKCommon (2.8.1):
    - KakaoSDKCommon/Common (= 2.8.1)
    - KakaoSDKCommon/Network (= 2.8.1)
  - KakaoSDKCommon/Common (2.8.1)
  - KakaoSDKCommon/Network (2.8.1):
    - Alamofire (~> 5.1)
    - KakaoSDKCommon/Common (= 2.8.1)
  - KakaoSDKUser (2.8.1):
    - KakaoSDKAuth (= 2.8.1)

DEPENDENCIES:
  - GoogleSignIn
  - KakaoSDKAuth
  - KakaoSDKCommon
  - KakaoSDKUser

SPEC REPOS:
  trunk:
    - Alamofire
    - AppAuth
    - GoogleSignIn
    - GTMAppAuth
    - GTMSessionFetcher
    - KakaoSDKAuth
    - KakaoSDKCommon
    - KakaoSDKUser

SPEC CHECKSUMS:
  Alamofire: f3b09a368f1582ab751b3fff5460276e0d2cf5c9
  AppAuth: 31bcec809a638d7bd2f86ea8a52bd45f6e81e7c7
  GoogleSignIn: fd381840dbe7c1137aa6dc30849a5c3e070c034a
  GTMAppAuth: ad5c2b70b9a8689e1a04033c9369c4915bfcbe89
  GTMSessionFetcher: 43748f93435c2aa068b1cbe39655aaf600652e91
  KakaoSDKAuth: 3cf74660531ac85cd2c7931df8d90d562b0a8fe2
  KakaoSDKCommon: 701ef2a9b92215a4bf131b2a6139c3586b5e8d99
  KakaoSDKUser: c4bdbca17b05ce7a25c67176ac68b6b0c8b1db56

PODFILE CHECKSUM: fc8db1a035ce62ff0f4271cfadf28fb1473a0e15

COCOAPODS: 1.10.1
