PODS:
  - Alamofire (5.4.4)
  - AppAuth (1.4.0):
    - AppAuth/Core (= 1.4.0)
    - AppAuth/ExternalUserAgent (= 1.4.0)
  - AppAuth/Core (1.4.0)
  - AppAuth/ExternalUserAgent (1.4.0)
  - GoogleSignIn (6.0.2):
    - AppAuth (~> 1.4)
    - GTMAppAuth (~> 1.0)
    - GTMSessionFetcher/Core (~> 1.1)
  - GTMAppAuth (1.2.2):
    - AppAuth/Core (~> 1.4)
    - GTMSessionFetcher/Core (~> 1.5)
  - GTMSessionFetcher/Core (1.7.0)
  - KakaoSDKAuth (2.8.2):
    - KakaoSDKCommon (= 2.8.2)
  - KakaoSDKCommon (2.8.2):
    - KakaoSDKCommon/Common (= 2.8.2)
    - KakaoSDKCommon/Network (= 2.8.2)
  - KakaoSDKCommon/Common (2.8.2)
  - KakaoSDKCommon/Network (2.8.2):
    - Alamofire (~> 5.1)
    - KakaoSDKCommon/Common (= 2.8.2)
  - KakaoSDKUser (2.8.2):
    - KakaoSDKAuth (= 2.8.2)

DEPENDENCIES:
  - GoogleSignIn
  - KakaoSDKAuth
  - KakaoSDKCommon
  - KakaoSDKUser

SPEC REPOS:
  trunk:
    - Alamofire
    - AppAuth
    - GoogleSignIn
    - GTMAppAuth
    - GTMSessionFetcher
    - KakaoSDKAuth
    - KakaoSDKCommon
    - KakaoSDKUser

SPEC CHECKSUMS:
  Alamofire: f3b09a368f1582ab751b3fff5460276e0d2cf5c9
  AppAuth: 31bcec809a638d7bd2f86ea8a52bd45f6e81e7c7
  GoogleSignIn: fd381840dbe7c1137aa6dc30849a5c3e070c034a
  GTMAppAuth: ad5c2b70b9a8689e1a04033c9369c4915bfcbe89
  GTMSessionFetcher: 43748f93435c2aa068b1cbe39655aaf600652e91
  KakaoSDKAuth: 2b7e6998d7028cabd037ef8d0d2f987b4eec9f89
  KakaoSDKCommon: 1b5dc1c785688bed6d6747d05f2c8e08420f09ff
  KakaoSDKUser: 937f1acc1380192d38483480d5bf01b141471829

PODFILE CHECKSUM: 3151b88f50af6f45d01f01e8b8432a2bdfb1e126

COCOAPODS: 1.11.2
